
Microsoft Visual Studio Solution File, Format Version 12.00
# Visual Studio Version 17
VisualStudioVersion = 17.8.34330.188
MinimumVisualStudioVersion = 10.0.40219.1
Project("{FAE04EC0-301F-11D3-BF4B-00C04F79EFBC}") = "Lab1", "Lab1.csproj", "{6861C46C-FA23-4446-9C91-89B8A214871F}"
EndProject
Global
	GlobalSection(SolutionConfigurationPlatforms) = preSolution
		Debug|Any CPU = Debug|Any CPU
		Release|Any CPU = Release|Any CPU
	EndGlobalSection
	GlobalSection(ProjectConfigurationPlatforms) = postSolution
		{6861C46C-FA23-4446-9C91-89B8A214871F}.Debug|Any CPU.ActiveCfg = Debug|Any CPU
		{6861C46C-FA23-4446-9C91-89B8A214871F}.Debug|Any CPU.Build.0 = Debug|Any CPU
		{6861C46C-FA23-4446-9C91-89B8A214871F}.Release|Any CPU.ActiveCfg = Release|Any CPU
		{6861C46C-FA23-4446-9C91-89B8A214871F}.Release|Any CPU.Build.0 = Release|Any CPU
	EndGlobalSection
	GlobalSection(SolutionProperties) = preSolution
		HideSolutionNode = FALSE
	EndGlobalSection
	GlobalSection(ExtensibilityGlobals) = postSolution
		SolutionGuid = {4FFCD313-E5F9-4884-A79B-A1370DB06F05}
	EndGlobalSection
EndGlobal
